
Microsoft Visual Studio Solution File, Format Version 12.00
# Visual Studio Version 17
VisualStudioVersion = 17.11.35208.52
MinimumVisualStudioVersion = 10.0.40219.1
Project("{FAE04EC0-301F-11D3-BF4B-00C04F79EFBC}") = "Veterinary.Back", "Veterinary.Back\Veterinary.Back.csproj", "{1CF98EF5-9BF9-4ED7-B81D-EA4A9098C81C}"
EndProject
Project("{FAE04EC0-301F-11D3-BF4B-00C04F79EFBC}") = "Veterinary.front", "Veterinary.front\Veterinary.front.csproj", "{2E2BD037-1855-4623-9A3F-E2432388EB42}"
EndProject
Project("{FAE04EC0-301F-11D3-BF4B-00C04F79EFBC}") = "Veterinary.Shared", "Veterinary.Shared\Veterinary.Shared.csproj", "{0689C917-CBD6-46B0-860E-D3D8D7A84C66}"
EndProject
Global
	GlobalSection(SolutionConfigurationPlatforms) = preSolution
		Debug|Any CPU = Debug|Any CPU
		Release|Any CPU = Release|Any CPU
	EndGlobalSection
	GlobalSection(ProjectConfigurationPlatforms) = postSolution
		{1CF98EF5-9BF9-4ED7-B81D-EA4A9098C81C}.Debug|Any CPU.ActiveCfg = Debug|Any CPU
		{1CF98EF5-9BF9-4ED7-B81D-EA4A9098C81C}.Debug|Any CPU.Build.0 = Debug|Any CPU
		{1CF98EF5-9BF9-4ED7-B81D-EA4A9098C81C}.Release|Any CPU.ActiveCfg = Release|Any CPU
		{1CF98EF5-9BF9-4ED7-B81D-EA4A9098C81C}.Release|Any CPU.Build.0 = Release|Any CPU
		{2E2BD037-1855-4623-9A3F-E2432388EB42}.Debug|Any CPU.ActiveCfg = Debug|Any CPU
		{2E2BD037-1855-4623-9A3F-E2432388EB42}.Debug|Any CPU.Build.0 = Debug|Any CPU
		{2E2BD037-1855-4623-9A3F-E2432388EB42}.Release|Any CPU.ActiveCfg = Release|Any CPU
		{2E2BD037-1855-4623-9A3F-E2432388EB42}.Release|Any CPU.Build.0 = Release|Any CPU
		{0689C917-CBD6-46B0-860E-D3D8D7A84C66}.Debug|Any CPU.ActiveCfg = Debug|Any CPU
		{0689C917-CBD6-46B0-860E-D3D8D7A84C66}.Debug|Any CPU.Build.0 = Debug|Any CPU
		{0689C917-CBD6-46B0-860E-D3D8D7A84C66}.Release|Any CPU.ActiveCfg = Release|Any CPU
		{0689C917-CBD6-46B0-860E-D3D8D7A84C66}.Release|Any CPU.Build.0 = Release|Any CPU
	EndGlobalSection
	GlobalSection(SolutionProperties) = preSolution
		HideSolutionNode = FALSE
	EndGlobalSection
	GlobalSection(ExtensibilityGlobals) = postSolution
		SolutionGuid = {8D11DFC1-600A-44A0-95E1-AD2BD10F5570}
	EndGlobalSection
EndGlobal
